
Microsoft Visual Studio Solution File, Format Version 12.00
# Visual Studio Version 17
VisualStudioVersion = 17.3.32922.545
MinimumVisualStudioVersion = 10.0.40219.1
Project("{FAE04EC0-301F-11D3-BF4B-00C04F79EFBC}") = "Weather Application", "Weather Application\Weather Application.csproj", "{414690B3-DC46-4F01-9183-356A58876DAD}"
EndProject
Global
	GlobalSection(SolutionConfigurationPlatforms) = preSolution
		Debug|Any CPU = Debug|Any CPU
		Release|Any CPU = Release|Any CPU
	EndGlobalSection
	GlobalSection(ProjectConfigurationPlatforms) = postSolution
		{414690B3-DC46-4F01-9183-356A58876DAD}.Debug|Any CPU.ActiveCfg = Debug|Any CPU
		{414690B3-DC46-4F01-9183-356A58876DAD}.Debug|Any CPU.Build.0 = Debug|Any CPU
		{414690B3-DC46-4F01-9183-356A58876DAD}.Release|Any CPU.ActiveCfg = Release|Any CPU
		{414690B3-DC46-4F01-9183-356A58876DAD}.Release|Any CPU.Build.0 = Release|Any CPU
	EndGlobalSection
	GlobalSection(SolutionProperties) = preSolution
		HideSolutionNode = FALSE
	EndGlobalSection
	GlobalSection(ExtensibilityGlobals) = postSolution
		SolutionGuid = {F3426666-57D7-427B-A9A0-F1FFF6B01553}
	EndGlobalSection
EndGlobal
